
Microsoft Visual Studio Solution File, Format Version 12.00
# Visual Studio 15
VisualStudioVersion = 15.0.28307.271
MinimumVisualStudioVersion = 10.0.40219.1
Project("{FAE04EC0-301F-11D3-BF4B-00C04F79EFBC}") = "InventoryMaintenance", "InventoryMaintenance\InventoryMaintenance.csproj", "{569AF82A-88E0-4A55-8C63-A6DD837A9E0E}"
EndProject
Global
	GlobalSection(SolutionConfigurationPlatforms) = preSolution
		Debug|Any CPU = Debug|Any CPU
		Release|Any CPU = Release|Any CPU
	EndGlobalSection
	GlobalSection(ProjectConfigurationPlatforms) = postSolution
		{569AF82A-88E0-4A55-8C63-A6DD837A9E0E}.Debug|Any CPU.ActiveCfg = Debug|Any CPU
		{569AF82A-88E0-4A55-8C63-A6DD837A9E0E}.Debug|Any CPU.Build.0 = Debug|Any CPU
		{569AF82A-88E0-4A55-8C63-A6DD837A9E0E}.Release|Any CPU.ActiveCfg = Release|Any CPU
		{569AF82A-88E0-4A55-8C63-A6DD837A9E0E}.Release|Any CPU.Build.0 = Release|Any CPU
	EndGlobalSection
	GlobalSection(SolutionProperties) = preSolution
		HideSolutionNode = FALSE
	EndGlobalSection
	GlobalSection(ExtensibilityGlobals) = postSolution
		SolutionGuid = {59B0FC3C-22F4-40B5-882A-F041DE9EE6F2}
	EndGlobalSection
EndGlobal
